
Microsoft Visual Studio Solution File, Format Version 12.00
# Visual Studio 15
VisualStudioVersion = 15.0.27428.2011
MinimumVisualStudioVersion = 10.0.40219.1
Project("{FAE04EC0-301F-11D3-BF4B-00C04F79EFBC}") = "VariableEntorno", "VariableEntorno\VariableEntorno.csproj", "{EBA46F0B-04D7-4072-BB78-B6860EC1DB84}"
EndProject
Global
	GlobalSection(SolutionConfigurationPlatforms) = preSolution
		Debug|Any CPU = Debug|Any CPU
		Release|Any CPU = Release|Any CPU
	EndGlobalSection
	GlobalSection(ProjectConfigurationPlatforms) = postSolution
		{EBA46F0B-04D7-4072-BB78-B6860EC1DB84}.Debug|Any CPU.ActiveCfg = Debug|Any CPU
		{EBA46F0B-04D7-4072-BB78-B6860EC1DB84}.Debug|Any CPU.Build.0 = Debug|Any CPU
		{EBA46F0B-04D7-4072-BB78-B6860EC1DB84}.Release|Any CPU.ActiveCfg = Release|Any CPU
		{EBA46F0B-04D7-4072-BB78-B6860EC1DB84}.Release|Any CPU.Build.0 = Release|Any CPU
	EndGlobalSection
	GlobalSection(SolutionProperties) = preSolution
		HideSolutionNode = FALSE
	EndGlobalSection
	GlobalSection(ExtensibilityGlobals) = postSolution
		SolutionGuid = {C3F74895-F750-4E51-BA80-72A07A4C7878}
	EndGlobalSection
EndGlobal
